// !$*UTF8*$!
{
	archiveVersion = 1;
	classes = {
	};
	objectVersion = 50;
	objects = {

/* Begin PBXBuildFile section */
		045B9A5824FFA381006A2974 /* AppDelegate.swift in Sources */ = {isa = PBXBuildFile; fileRef = 045B9A5724FFA381006A2974 /* AppDelegate.swift */; };
		045B9A5A24FFA381006A2974 /* SceneDelegate.swift in Sources */ = {isa = PBXBuildFile; fileRef = 045B9A5924FFA381006A2974 /* SceneDelegate.swift */; };
		045B9A5C24FFA381006A2974 /* ViewController.swift in Sources */ = {isa = PBXBuildFile; fileRef = 045B9A5B24FFA381006A2974 /* ViewController.swift */; };
		045B9A5F24FFA381006A2974 /* Main.storyboard in Resources */ = {isa = PBXBuildFile; fileRef = 045B9A5D24FFA381006A2974 /* Main.storyboard */; };
		045B9A6224FFA381006A2974 /* TestingNetworkingLayer.xcdatamodeld in Sources */ = {isa = PBXBuildFile; fileRef = 045B9A6024FFA381006A2974 /* TestingNetworkingLayer.xcdatamodeld */; };
		045B9A6424FFA386006A2974 /* Assets.xcassets in Resources */ = {isa = PBXBuildFile; fileRef = 045B9A6324FFA386006A2974 /* Assets.xcassets */; };
		045B9A6724FFA386006A2974 /* LaunchScreen.storyboard in Resources */ = {isa = PBXBuildFile; fileRef = 045B9A6524FFA386006A2974 /* LaunchScreen.storyboard */; };
		045B9A7024FFA3A6006A2974 /* JsonParameterEncoder.swift in Sources */ = {isa = PBXBuildFile; fileRef = 045B9A6F24FFA3A6006A2974 /* JsonParameterEncoder.swift */; };
		045B9A7224FFA3BA006A2974 /* URLParameterEncoding.swift in Sources */ = {isa = PBXBuildFile; fileRef = 045B9A7124FFA3BA006A2974 /* URLParameterEncoding.swift */; };
		045B9A7424FFA3C9006A2974 /* ParameterEncoding.swift in Sources */ = {isa = PBXBuildFile; fileRef = 045B9A7324FFA3C9006A2974 /* ParameterEncoding.swift */; };
		045B9A7724FFA43B006A2974 /* TargetType.swift in Sources */ = {isa = PBXBuildFile; fileRef = 045B9A7624FFA43B006A2974 /* TargetType.swift */; };
		045B9A7A24FFA466006A2974 /* HTTPHeader.swift in Sources */ = {isa = PBXBuildFile; fileRef = 045B9A7924FFA466006A2974 /* HTTPHeader.swift */; };
		045B9A7C24FFA4B4006A2974 /* HTTPMethod.swift in Sources */ = {isa = PBXBuildFile; fileRef = 045B9A7B24FFA4B4006A2974 /* HTTPMethod.swift */; };
		045B9A7E24FFA4C9006A2974 /* Task.swift in Sources */ = {isa = PBXBuildFile; fileRef = 045B9A7D24FFA4C9006A2974 /* Task.swift */; };
		045B9A8124FFA584006A2974 /* NetworkLogger.swift in Sources */ = {isa = PBXBuildFile; fileRef = 045B9A8024FFA584006A2974 /* NetworkLogger.swift */; };
		045B9A8324FFA60A006A2974 /* BaseApiService.swift in Sources */ = {isa = PBXBuildFile; fileRef = 045B9A8224FFA60A006A2974 /* BaseApiService.swift */; };
		045B9A8524FFA688006A2974 /* URLSessionProtocol.swift in Sources */ = {isa = PBXBuildFile; fileRef = 045B9A8424FFA688006A2974 /* URLSessionProtocol.swift */; };
		045B9A8724FFA6EB006A2974 /* NetworkResponse.swift in Sources */ = {isa = PBXBuildFile; fileRef = 045B9A8624FFA6EB006A2974 /* NetworkResponse.swift */; };
		045B9A8A24FFB255006A2974 /* NewsfeedResource.swift in Sources */ = {isa = PBXBuildFile; fileRef = 045B9A8924FFB255006A2974 /* NewsfeedResource.swift */; };
		045B9A8C24FFB346006A2974 /* NewsfeedService.swift in Sources */ = {isa = PBXBuildFile; fileRef = 045B9A8B24FFB346006A2974 /* NewsfeedService.swift */; };
		0498590D250080B900675ADB /* NewsfeedResponse.swift in Sources */ = {isa = PBXBuildFile; fileRef = 0498590C250080B900675ADB /* NewsfeedResponse.swift */; };
		0498590F2500A7C500675ADB /* README.md in Resources */ = {isa = PBXBuildFile; fileRef = 0498590E2500A7C400675ADB /* README.md */; };
/* End PBXBuildFile section */

/* Begin PBXFileReference section */
		045B9A5424FFA381006A2974 /* TestingNetworkingLayer.app */ = {isa = PBXFileReference; explicitFileType = wrapper.application; includeInIndex = 0; path = TestingNetworkingLayer.app; sourceTree = BUILT_PRODUCTS_DIR; };
		045B9A5724FFA381006A2974 /* AppDelegate.swift */ = {isa = PBXFileReference; lastKnownFileType = sourcecode.swift; path = AppDelegate.swift; sourceTree = "<group>"; };
		045B9A5924FFA381006A2974 /* SceneDelegate.swift */ = {isa = PBXFileReference; lastKnownFileType = sourcecode.swift; path = SceneDelegate.swift; sourceTree = "<group>"; };
		045B9A5B24FFA381006A2974 /* ViewController.swift */ = {isa = PBXFileReference; lastKnownFileType = sourcecode.swift; path = ViewController.swift; sourceTree = "<group>"; };
		045B9A5E24FFA381006A2974 /* Base */ = {isa = PBXFileReference; lastKnownFileType = file.storyboard; name = Base; path = Base.lproj/Main.storyboard; sourceTree = "<group>"; };
		045B9A6124FFA381006A2974 /* TestingNetworkingLayer.xcdatamodel */ = {isa = PBXFileReference; lastKnownFileType = wrapper.xcdatamodel; path = TestingNetworkingLayer.xcdatamodel; sourceTree = "<group>"; };
		045B9A6324FFA386006A2974 /* Assets.xcassets */ = {isa = PBXFileReference; lastKnownFileType = folder.assetcatalog; path = Assets.xcassets; sourceTree = "<group>"; };
		045B9A6624FFA386006A2974 /* Base */ = {isa = PBXFileReference; lastKnownFileType = file.storyboard; name = Base; path = Base.lproj/LaunchScreen.storyboard; sourceTree = "<group>"; };
		045B9A6824FFA386006A2974 /* Info.plist */ = {isa = PBXFileReference; lastKnownFileType = text.plist.xml; path = Info.plist; sourceTree = "<group>"; };
		045B9A6F24FFA3A6006A2974 /* JsonParameterEncoder.swift */ = {isa = PBXFileReference; lastKnownFileType = sourcecode.swift; path = JsonParameterEncoder.swift; sourceTree = "<group>"; };
		045B9A7124FFA3BA006A2974 /* URLParameterEncoding.swift */ = {isa = PBXFileReference; lastKnownFileType = sourcecode.swift; path = URLParameterEncoding.swift; sourceTree = "<group>"; };
		045B9A7324FFA3C9006A2974 /* ParameterEncoding.swift */ = {isa = PBXFileReference; lastKnownFileType = sourcecode.swift; path = ParameterEncoding.swift; sourceTree = "<group>"; };
		045B9A7624FFA43B006A2974 /* TargetType.swift */ = {isa = PBXFileReference; lastKnownFileType = sourcecode.swift; path = TargetType.swift; sourceTree = "<group>"; };
		045B9A7924FFA466006A2974 /* HTTPHeader.swift */ = {isa = PBXFileReference; lastKnownFileType = sourcecode.swift; path = HTTPHeader.swift; sourceTree = "<group>"; };
		045B9A7B24FFA4B4006A2974 /* HTTPMethod.swift */ = {isa = PBXFileReference; lastKnownFileType = sourcecode.swift; path = HTTPMethod.swift; sourceTree = "<group>"; };
		045B9A7D24FFA4C9006A2974 /* Task.swift */ = {isa = PBXFileReference; lastKnownFileType = sourcecode.swift; path = Task.swift; sourceTree = "<group>"; };
		045B9A8024FFA584006A2974 /* NetworkLogger.swift */ = {isa = PBXFileReference; lastKnownFileType = sourcecode.swift; path = NetworkLogger.swift; sourceTree = "<group>"; };
		045B9A8224FFA60A006A2974 /* BaseApiService.swift */ = {isa = PBXFileReference; lastKnownFileType = sourcecode.swift; path = BaseApiService.swift; sourceTree = "<group>"; };
		045B9A8424FFA688006A2974 /* URLSessionProtocol.swift */ = {isa = PBXFileReference; lastKnownFileType = sourcecode.swift; path = URLSessionProtocol.swift; sourceTree = "<group>"; };
		045B9A8624FFA6EB006A2974 /* NetworkResponse.swift */ = {isa = PBXFileReference; lastKnownFileType = sourcecode.swift; path = NetworkResponse.swift; sourceTree = "<group>"; };
		045B9A8924FFB255006A2974 /* NewsfeedResource.swift */ = {isa = PBXFileReference; lastKnownFileType = sourcecode.swift; path = NewsfeedResource.swift; sourceTree = "<group>"; };
		045B9A8B24FFB346006A2974 /* NewsfeedService.swift */ = {isa = PBXFileReference; lastKnownFileType = sourcecode.swift; path = NewsfeedService.swift; sourceTree = "<group>"; };
		0498590C250080B900675ADB /* NewsfeedResponse.swift */ = {isa = PBXFileReference; lastKnownFileType = sourcecode.swift; path = NewsfeedResponse.swift; sourceTree = "<group>"; };
		0498590E2500A7C400675ADB /* README.md */ = {isa = PBXFileReference; fileEncoding = 4; lastKnownFileType = net.daringfireball.markdown; path = README.md; sourceTree = SOURCE_ROOT; };
/* End PBXFileReference section */

/* Begin PBXFrameworksBuildPhase section */
		045B9A5124FFA381006A2974 /* Frameworks */ = {
			isa = PBXFrameworksBuildPhase;
			buildActionMask = 2147483647;
			files = (
			);
			runOnlyForDeploymentPostprocessing = 0;
		};
/* End PBXFrameworksBuildPhase section */

/* Begin PBXGroup section */
		0458F27A250129060098DDF3 /* Networking */ = {
			isa = PBXGroup;
			children = (
				045B9A7F24FFA57C006A2974 /* Service */,
			);
			path = Networking;
			sourceTree = "<group>";
		};
		045B9A4B24FFA381006A2974 = {
			isa = PBXGroup;
			children = (
				045B9A5624FFA381006A2974 /* TestingNetworkingLayer */,
				045B9A5524FFA381006A2974 /* Products */,
			);
			sourceTree = "<group>";
		};
		045B9A5524FFA381006A2974 /* Products */ = {
			isa = PBXGroup;
			children = (
				045B9A5424FFA381006A2974 /* TestingNetworkingLayer.app */,
			);
			name = Products;
			sourceTree = "<group>";
		};
		045B9A5624FFA381006A2974 /* TestingNetworkingLayer */ = {
			isa = PBXGroup;
			children = (
				0458F27A250129060098DDF3 /* Networking */,
				0498590E2500A7C400675ADB /* README.md */,
				045B9A7824FFA458006A2974 /* Enum */,
				045B9A7524FFA41B006A2974 /* Protocol */,
				045B9A6E24FFA399006A2974 /* Encoding */,
				045B9A5724FFA381006A2974 /* AppDelegate.swift */,
				045B9A5924FFA381006A2974 /* SceneDelegate.swift */,
				045B9A5B24FFA381006A2974 /* ViewController.swift */,
				045B9A5D24FFA381006A2974 /* Main.storyboard */,
				045B9A6324FFA386006A2974 /* Assets.xcassets */,
				045B9A6524FFA386006A2974 /* LaunchScreen.storyboard */,
				045B9A6824FFA386006A2974 /* Info.plist */,
				045B9A6024FFA381006A2974 /* TestingNetworkingLayer.xcdatamodeld */,
			);
			path = TestingNetworkingLayer;
			sourceTree = "<group>";
		};
		045B9A6E24FFA399006A2974 /* Encoding */ = {
			isa = PBXGroup;
			children = (
				045B9A6F24FFA3A6006A2974 /* JsonParameterEncoder.swift */,
				045B9A7124FFA3BA006A2974 /* URLParameterEncoding.swift */,
				045B9A7324FFA3C9006A2974 /* ParameterEncoding.swift */,
			);
			path = Encoding;
			sourceTree = "<group>";
		};
		045B9A7524FFA41B006A2974 /* Protocol */ = {
			isa = PBXGroup;
			children = (
				045B9A7624FFA43B006A2974 /* TargetType.swift */,
				045B9A8424FFA688006A2974 /* URLSessionProtocol.swift */,
			);
			path = Protocol;
			sourceTree = "<group>";
		};
		045B9A7824FFA458006A2974 /* Enum */ = {
			isa = PBXGroup;
			children = (
				045B9A7924FFA466006A2974 /* HTTPHeader.swift */,
				045B9A7B24FFA4B4006A2974 /* HTTPMethod.swift */,
				045B9A7D24FFA4C9006A2974 /* Task.swift */,
				045B9A8624FFA6EB006A2974 /* NetworkResponse.swift */,
			);
			path = Enum;
			sourceTree = "<group>";
		};
		045B9A7F24FFA57C006A2974 /* Service */ = {
			isa = PBXGroup;
			children = (
				0498590B250080AA00675ADB /* Model */,
				045B9A8824FFB23E006A2974 /* Newsfeed */,
				045B9A8024FFA584006A2974 /* NetworkLogger.swift */,
				045B9A8224FFA60A006A2974 /* BaseApiService.swift */,
			);
			path = Service;
			sourceTree = "<group>";
		};
		045B9A8824FFB23E006A2974 /* Newsfeed */ = {
			isa = PBXGroup;
			children = (
				045B9A8924FFB255006A2974 /* NewsfeedResource.swift */,
				045B9A8B24FFB346006A2974 /* NewsfeedService.swift */,
			);
			path = Newsfeed;
			sourceTree = "<group>";
		};
		0498590B250080AA00675ADB /* Model */ = {
			isa = PBXGroup;
			children = (
				0498590C250080B900675ADB /* NewsfeedResponse.swift */,
			);
			path = Model;
			sourceTree = "<group>";
		};
/* End PBXGroup section */

/* Begin PBXNativeTarget section */
		045B9A5324FFA381006A2974 /* TestingNetworkingLayer */ = {
			isa = PBXNativeTarget;
			buildConfigurationList = 045B9A6B24FFA386006A2974 /* Build configuration list for PBXNativeTarget "TestingNetworkingLayer" */;
			buildPhases = (
				045B9A5024FFA381006A2974 /* Sources */,
				045B9A5124FFA381006A2974 /* Frameworks */,
				045B9A5224FFA381006A2974 /* Resources */,
			);
			buildRules = (
			);
			dependencies = (
			);
			name = TestingNetworkingLayer;
			productName = TestingNetworkingLayer;
			productReference = 045B9A5424FFA381006A2974 /* TestingNetworkingLayer.app */;
			productType = "com.apple.product-type.application";
		};
/* End PBXNativeTarget section */

/* Begin PBXProject section */
		045B9A4C24FFA381006A2974 /* Project object */ = {
			isa = PBXProject;
			attributes = {
				LastSwiftUpdateCheck = 1160;
				LastUpgradeCheck = 1160;
				ORGANIZATIONNAME = MAC;
				TargetAttributes = {
					045B9A5324FFA381006A2974 = {
						CreatedOnToolsVersion = 11.6;
					};
				};
			};
			buildConfigurationList = 045B9A4F24FFA381006A2974 /* Build configuration list for PBXProject "TestingNetworkingLayer" */;
			compatibilityVersion = "Xcode 9.3";
			developmentRegion = en;
			hasScannedForEncodings = 0;
			knownRegions = (
				en,
				Base,
			);
			mainGroup = 045B9A4B24FFA381006A2974;
			productRefGroup = 045B9A5524FFA381006A2974 /* Products */;
			projectDirPath = "";
			projectRoot = "";
			targets = (
				045B9A5324FFA381006A2974 /* TestingNetworkingLayer */,
			);
		};
/* End PBXProject section */

/* Begin PBXResourcesBuildPhase section */
		045B9A5224FFA381006A2974 /* Resources */ = {
			isa = PBXResourcesBuildPhase;
			buildActionMask = 2147483647;
			files = (
				045B9A6724FFA386006A2974 /* LaunchScreen.storyboard in Resources */,
				045B9A6424FFA386006A2974 /* Assets.xcassets in Resources */,
				0498590F2500A7C500675ADB /* README.md in Resources */,
				045B9A5F24FFA381006A2974 /* Main.storyboard in Resources */,
			);
			runOnlyForDeploymentPostprocessing = 0;
		};
/* End PBXResourcesBuildPhase section */

/* Begin PBXSourcesBuildPhase section */
		045B9A5024FFA381006A2974 /* Sources */ = {
			isa = PBXSourcesBuildPhase;
			buildActionMask = 2147483647;
			files = (
				045B9A8524FFA688006A2974 /* URLSessionProtocol.swift in Sources */,
				0498590D250080B900675ADB /* NewsfeedResponse.swift in Sources */,
				045B9A8124FFA584006A2974 /* NetworkLogger.swift in Sources */,
				045B9A7A24FFA466006A2974 /* HTTPHeader.swift in Sources */,
				045B9A7424FFA3C9006A2974 /* ParameterEncoding.swift in Sources */,
				045B9A5C24FFA381006A2974 /* ViewController.swift in Sources */,
				045B9A5824FFA381006A2974 /* AppDelegate.swift in Sources */,
				045B9A8C24FFB346006A2974 /* NewsfeedService.swift in Sources */,
				045B9A7E24FFA4C9006A2974 /* Task.swift in Sources */,
				045B9A7024FFA3A6006A2974 /* JsonParameterEncoder.swift in Sources */,
				045B9A7724FFA43B006A2974 /* TargetType.swift in Sources */,
				045B9A6224FFA381006A2974 /* TestingNetworkingLayer.xcdatamodeld in Sources */,
				045B9A8A24FFB255006A2974 /* NewsfeedResource.swift in Sources */,
				045B9A7224FFA3BA006A2974 /* URLParameterEncoding.swift in Sources */,
				045B9A8724FFA6EB006A2974 /* NetworkResponse.swift in Sources */,
				045B9A7C24FFA4B4006A2974 /* HTTPMethod.swift in Sources */,
				045B9A5A24FFA381006A2974 /* SceneDelegate.swift in Sources */,
				045B9A8324FFA60A006A2974 /* BaseApiService.swift in Sources */,
			);
			runOnlyForDeploymentPostprocessing = 0;
		};
/* End PBXSourcesBuildPhase section */

/* Begin PBXVariantGroup section */
		045B9A5D24FFA381006A2974 /* Main.storyboard */ = {
			isa = PBXVariantGroup;
			children = (
				045B9A5E24FFA381006A2974 /* Base */,
			);
			name = Main.storyboard;
			sourceTree = "<group>";
		};
		045B9A6524FFA386006A2974 /* LaunchScreen.storyboard */ = {
			isa = PBXVariantGroup;
			children = (
				045B9A6624FFA386006A2974 /* Base */,
			);
			name = LaunchScreen.storyboard;
			sourceTree = "<group>";
		};
/* End PBXVariantGroup section */

/* Begin XCBuildConfiguration section */
		045B9A6924FFA386006A2974 /* Debug */ = {
			isa = XCBuildConfiguration;
			buildSettings = {
				ALWAYS_SEARCH_USER_PATHS = NO;
				CLANG_ANALYZER_NONNULL = YES;
				CLANG_ANALYZER_NUMBER_OBJECT_CONVERSION = YES_AGGRESSIVE;
				CLANG_CXX_LANGUAGE_STANDARD = "gnu++14";
				CLANG_CXX_LIBRARY = "libc++";
				CLANG_ENABLE_MODULES = YES;
				CLANG_ENABLE_OBJC_ARC = YES;
				CLANG_ENABLE_OBJC_WEAK = YES;
				CLANG_WARN_BLOCK_CAPTURE_AUTORELEASING = YES;
				CLANG_WARN_BOOL_CONVERSION = YES;
				CLANG_WARN_COMMA = YES;
				CLANG_WARN_CONSTANT_CONVERSION = YES;
				CLANG_WARN_DEPRECATED_OBJC_IMPLEMENTATIONS = YES;
				CLANG_WARN_DIRECT_OBJC_ISA_USAGE = YES_ERROR;
				CLANG_WARN_DOCUMENTATION_COMMENTS = YES;
				CLANG_WARN_EMPTY_BODY = YES;
				CLANG_WARN_ENUM_CONVERSION = YES;
				CLANG_WARN_INFINITE_RECURSION = YES;
				CLANG_WARN_INT_CONVERSION = YES;
				CLANG_WARN_NON_LITERAL_NULL_CONVERSION = YES;
				CLANG_WARN_OBJC_IMPLICIT_RETAIN_SELF = YES;
				CLANG_WARN_OBJC_LITERAL_CONVERSION = YES;
				CLANG_WARN_OBJC_ROOT_CLASS = YES_ERROR;
				CLANG_WARN_RANGE_LOOP_ANALYSIS = YES;
				CLANG_WARN_STRICT_PROTOTYPES = YES;
				CLANG_WARN_SUSPICIOUS_MOVE = YES;
				CLANG_WARN_UNGUARDED_AVAILABILITY = YES_AGGRESSIVE;
				CLANG_WARN_UNREACHABLE_CODE = YES;
				CLANG_WARN__DUPLICATE_METHOD_MATCH = YES;
				COPY_PHASE_STRIP = NO;
				DEBUG_INFORMATION_FORMAT = dwarf;
				ENABLE_STRICT_OBJC_MSGSEND = YES;
				ENABLE_TESTABILITY = YES;
				GCC_C_LANGUAGE_STANDARD = gnu11;
				GCC_DYNAMIC_NO_PIC = NO;
				GCC_NO_COMMON_BLOCKS = YES;
				GCC_OPTIMIZATION_LEVEL = 0;
				GCC_PREPROCESSOR_DEFINITIONS = (
					"DEBUG=1",
					"$(inherited)",
				);
				GCC_WARN_64_TO_32_BIT_CONVERSION = YES;
				GCC_WARN_ABOUT_RETURN_TYPE = YES_ERROR;
				GCC_WARN_UNDECLARED_SELECTOR = YES;
				GCC_WARN_UNINITIALIZED_AUTOS = YES_AGGRESSIVE;
				GCC_WARN_UNUSED_FUNCTION = YES;
				GCC_WARN_UNUSED_VARIABLE = YES;
				IPHONEOS_DEPLOYMENT_TARGET = 13.6;
				MTL_ENABLE_DEBUG_INFO = INCLUDE_SOURCE;
				MTL_FAST_MATH = YES;
				ONLY_ACTIVE_ARCH = YES;
				SDKROOT = iphoneos;
				SWIFT_ACTIVE_COMPILATION_CONDITIONS = DEBUG;
				SWIFT_OPTIMIZATION_LEVEL = "-Onone";
			};
			name = Debug;
		};
		045B9A6A24FFA386006A2974 /* Release */ = {
			isa = XCBuildConfiguration;
			buildSettings = {
				ALWAYS_SEARCH_USER_PATHS = NO;
				CLANG_ANALYZER_NONNULL = YES;
				CLANG_ANALYZER_NUMBER_OBJECT_CONVERSION = YES_AGGRESSIVE;
				CLANG_CXX_LANGUAGE_STANDARD = "gnu++14";
				CLANG_CXX_LIBRARY = "libc++";
				CLANG_ENABLE_MODULES = YES;
				CLANG_ENABLE_OBJC_ARC = YES;
				CLANG_ENABLE_OBJC_WEAK = YES;
				CLANG_WARN_BLOCK_CAPTURE_AUTORELEASING = YES;
				CLANG_WARN_BOOL_CONVERSION = YES;
				CLANG_WARN_COMMA = YES;
				CLANG_WARN_CONSTANT_CONVERSION = YES;
				CLANG_WARN_DEPRECATED_OBJC_IMPLEMENTATIONS = YES;
				CLANG_WARN_DIRECT_OBJC_ISA_USAGE = YES_ERROR;
				CLANG_WARN_DOCUMENTATION_COMMENTS = YES;
				CLANG_WARN_EMPTY_BODY = YES;
				CLANG_WARN_ENUM_CONVERSION = YES;
				CLANG_WARN_INFINITE_RECURSION = YES;
				CLANG_WARN_INT_CONVERSION = YES;
				CLANG_WARN_NON_LITERAL_NULL_CONVERSION = YES;
				CLANG_WARN_OBJC_IMPLICIT_RETAIN_SELF = YES;
				CLANG_WARN_OBJC_LITERAL_CONVERSION = YES;
				CLANG_WARN_OBJC_ROOT_CLASS = YES_ERROR;
				CLANG_WARN_RANGE_LOOP_ANALYSIS = YES;
				CLANG_WARN_STRICT_PROTOTYPES = YES;
				CLANG_WARN_SUSPICIOUS_MOVE = YES;
				CLANG_WARN_UNGUARDED_AVAILABILITY = YES_AGGRESSIVE;
				CLANG_WARN_UNREACHABLE_CODE = YES;
				CLANG_WARN__DUPLICATE_METHOD_MATCH = YES;
				COPY_PHASE_STRIP = NO;
				DEBUG_INFORMATION_FORMAT = "dwarf-with-dsym";
				ENABLE_NS_ASSERTIONS = NO;
				ENABLE_STRICT_OBJC_MSGSEND = YES;
				GCC_C_LANGUAGE_STANDARD = gnu11;
				GCC_NO_COMMON_BLOCKS = YES;
				GCC_WARN_64_TO_32_BIT_CONVERSION = YES;
				GCC_WARN_ABOUT_RETURN_TYPE = YES_ERROR;
				GCC_WARN_UNDECLARED_SELECTOR = YES;
				GCC_WARN_UNINITIALIZED_AUTOS = YES_AGGRESSIVE;
				GCC_WARN_UNUSED_FUNCTION = YES;
				GCC_WARN_UNUSED_VARIABLE = YES;
				IPHONEOS_DEPLOYMENT_TARGET = 13.6;
				MTL_ENABLE_DEBUG_INFO = NO;
				MTL_FAST_MATH = YES;
				SDKROOT = iphoneos;
				SWIFT_COMPILATION_MODE = wholemodule;
				SWIFT_OPTIMIZATION_LEVEL = "-O";
				VALIDATE_PRODUCT = YES;
			};
			name = Release;
		};
		045B9A6C24FFA386006A2974 /* Debug */ = {
			isa = XCBuildConfiguration;
			buildSettings = {
				ASSETCATALOG_COMPILER_APPICON_NAME = AppIcon;
				CODE_SIGN_STYLE = Automatic;
				DEVELOPMENT_TEAM = Q8A3YD63PA;
				INFOPLIST_FILE = TestingNetworkingLayer/Info.plist;
				LD_RUNPATH_SEARCH_PATHS = (
					"$(inherited)",
					"@executable_path/Frameworks",
				);
				PRODUCT_BUNDLE_IDENTIFIER = IG.TestingNetworkingLayer;
				PRODUCT_NAME = "$(TARGET_NAME)";
				SWIFT_VERSION = 5.0;
				TARGETED_DEVICE_FAMILY = "1,2";
			};
			name = Debug;
		};
		045B9A6D24FFA386006A2974 /* Release */ = {
			isa = XCBuildConfiguration;
			buildSettings = {
				ASSETCATALOG_COMPILER_APPICON_NAME = AppIcon;
				CODE_SIGN_STYLE = Automatic;
				DEVELOPMENT_TEAM = Q8A3YD63PA;
				INFOPLIST_FILE = TestingNetworkingLayer/Info.plist;
				LD_RUNPATH_SEARCH_PATHS = (
					"$(inherited)",
					"@executable_path/Frameworks",
				);
				PRODUCT_BUNDLE_IDENTIFIER = IG.TestingNetworkingLayer;
				PRODUCT_NAME = "$(TARGET_NAME)";
				SWIFT_VERSION = 5.0;
				TARGETED_DEVICE_FAMILY = "1,2";
			};
			name = Release;
		};
/* End XCBuildConfiguration section */

/* Begin XCConfigurationList section */
		045B9A4F24FFA381006A2974 /* Build configuration list for PBXProject "TestingNetworkingLayer" */ = {
			isa = XCConfigurationList;
			buildConfigurations = (
				045B9A6924FFA386006A2974 /* Debug */,
				045B9A6A24FFA386006A2974 /* Release */,
			);
			defaultConfigurationIsVisible = 0;
			defaultConfigurationName = Release;
		};
		045B9A6B24FFA386006A2974 /* Build configuration list for PBXNativeTarget "TestingNetworkingLayer" */ = {
			isa = XCConfigurationList;
			buildConfigurations = (
				045B9A6C24FFA386006A2974 /* Debug */,
				045B9A6D24FFA386006A2974 /* Release */,
			);
			defaultConfigurationIsVisible = 0;
			defaultConfigurationName = Release;
		};
/* End XCConfigurationList section */

/* Begin XCVersionGroup section */
		045B9A6024FFA381006A2974 /* TestingNetworkingLayer.xcdatamodeld */ = {
			isa = XCVersionGroup;
			children = (
				045B9A6124FFA381006A2974 /* TestingNetworkingLayer.xcdatamodel */,
			);
			currentVersion = 045B9A6124FFA381006A2974 /* TestingNetworkingLayer.xcdatamodel */;
			path = TestingNetworkingLayer.xcdatamodeld;
			sourceTree = "<group>";
			versionGroupType = wrapper.xcdatamodel;
		};
/* End XCVersionGroup section */
	};
	rootObject = 045B9A4C24FFA381006A2974 /* Project object */;
}
